
Microsoft Visual Studio Solution File, Format Version 12.00
# Visual Studio Version 16
VisualStudioVersion = 16.0.31313.79
MinimumVisualStudioVersion = 10.0.40219.1
Project("{FAE04EC0-301F-11D3-BF4B-00C04F79EFBC}") = "InterfaceLesson", "InterfaceLesson\InterfaceLesson.csproj", "{0CC43DD7-450C-4054-A5AD-CFC46FF0740C}"
EndProject
Global
	GlobalSection(SolutionConfigurationPlatforms) = preSolution
		Debug|Any CPU = Debug|Any CPU
		Release|Any CPU = Release|Any CPU
	EndGlobalSection
	GlobalSection(ProjectConfigurationPlatforms) = postSolution
		{0CC43DD7-450C-4054-A5AD-CFC46FF0740C}.Debug|Any CPU.ActiveCfg = Debug|Any CPU
		{0CC43DD7-450C-4054-A5AD-CFC46FF0740C}.Debug|Any CPU.Build.0 = Debug|Any CPU
		{0CC43DD7-450C-4054-A5AD-CFC46FF0740C}.Release|Any CPU.ActiveCfg = Release|Any CPU
		{0CC43DD7-450C-4054-A5AD-CFC46FF0740C}.Release|Any CPU.Build.0 = Release|Any CPU
	EndGlobalSection
	GlobalSection(SolutionProperties) = preSolution
		HideSolutionNode = FALSE
	EndGlobalSection
	GlobalSection(ExtensibilityGlobals) = postSolution
		SolutionGuid = {5E98C0C7-D9D6-4654-B08B-7FC0E978F120}
	EndGlobalSection
EndGlobal
